
Microsoft Visual Studio Solution File, Format Version 12.00
# Visual Studio Version 16
VisualStudioVersion = 16.0.29424.173
MinimumVisualStudioVersion = 10.0.40219.1
Project("{FAE04EC0-301F-11D3-BF4B-00C04F79EFBC}") = "FoodGenerator", "FoodGenerator\FoodGenerator.csproj", "{6D9F84E6-3751-4C10-AD42-C55A8969BE22}"
EndProject
Project("{FAE04EC0-301F-11D3-BF4B-00C04F79EFBC}") = "FoodGenerator_test", "FoodGenerator_test\FoodGenerator_test.csproj", "{2F224F03-72C6-43AB-8922-0F598172365A}"
EndProject
Global
	GlobalSection(SolutionConfigurationPlatforms) = preSolution
		Debug|Any CPU = Debug|Any CPU
		Debug|ARM = Debug|ARM
		Debug|ARM64 = Debug|ARM64
		Debug|x64 = Debug|x64
		Debug|x86 = Debug|x86
		Release|Any CPU = Release|Any CPU
		Release|ARM = Release|ARM
		Release|ARM64 = Release|ARM64
		Release|x64 = Release|x64
		Release|x86 = Release|x86
	EndGlobalSection
	GlobalSection(ProjectConfigurationPlatforms) = postSolution
		{6D9F84E6-3751-4C10-AD42-C55A8969BE22}.Debug|Any CPU.ActiveCfg = Debug|Any CPU
		{6D9F84E6-3751-4C10-AD42-C55A8969BE22}.Debug|Any CPU.Build.0 = Debug|Any CPU
		{6D9F84E6-3751-4C10-AD42-C55A8969BE22}.Debug|ARM.ActiveCfg = Debug|Any CPU
		{6D9F84E6-3751-4C10-AD42-C55A8969BE22}.Debug|ARM.Build.0 = Debug|Any CPU
		{6D9F84E6-3751-4C10-AD42-C55A8969BE22}.Debug|ARM64.ActiveCfg = Debug|Any CPU
		{6D9F84E6-3751-4C10-AD42-C55A8969BE22}.Debug|ARM64.Build.0 = Debug|Any CPU
		{6D9F84E6-3751-4C10-AD42-C55A8969BE22}.Debug|x64.ActiveCfg = Debug|Any CPU
		{6D9F84E6-3751-4C10-AD42-C55A8969BE22}.Debug|x64.Build.0 = Debug|Any CPU
		{6D9F84E6-3751-4C10-AD42-C55A8969BE22}.Debug|x86.ActiveCfg = Debug|Any CPU
		{6D9F84E6-3751-4C10-AD42-C55A8969BE22}.Debug|x86.Build.0 = Debug|Any CPU
		{6D9F84E6-3751-4C10-AD42-C55A8969BE22}.Release|Any CPU.ActiveCfg = Release|Any CPU
		{6D9F84E6-3751-4C10-AD42-C55A8969BE22}.Release|Any CPU.Build.0 = Release|Any CPU
		{6D9F84E6-3751-4C10-AD42-C55A8969BE22}.Release|ARM.ActiveCfg = Release|Any CPU
		{6D9F84E6-3751-4C10-AD42-C55A8969BE22}.Release|ARM.Build.0 = Release|Any CPU
		{6D9F84E6-3751-4C10-AD42-C55A8969BE22}.Release|ARM64.ActiveCfg = Release|Any CPU
		{6D9F84E6-3751-4C10-AD42-C55A8969BE22}.Release|ARM64.Build.0 = Release|Any CPU
		{6D9F84E6-3751-4C10-AD42-C55A8969BE22}.Release|x64.ActiveCfg = Release|Any CPU
		{6D9F84E6-3751-4C10-AD42-C55A8969BE22}.Release|x64.Build.0 = Release|Any CPU
		{6D9F84E6-3751-4C10-AD42-C55A8969BE22}.Release|x86.ActiveCfg = Release|Any CPU
		{6D9F84E6-3751-4C10-AD42-C55A8969BE22}.Release|x86.Build.0 = Release|Any CPU
		{2F224F03-72C6-43AB-8922-0F598172365A}.Debug|Any CPU.ActiveCfg = Debug|Any CPU
		{2F224F03-72C6-43AB-8922-0F598172365A}.Debug|Any CPU.Build.0 = Debug|Any CPU
		{2F224F03-72C6-43AB-8922-0F598172365A}.Debug|ARM.ActiveCfg = Debug|Any CPU
		{2F224F03-72C6-43AB-8922-0F598172365A}.Debug|ARM.Build.0 = Debug|Any CPU
		{2F224F03-72C6-43AB-8922-0F598172365A}.Debug|ARM64.ActiveCfg = Debug|Any CPU
		{2F224F03-72C6-43AB-8922-0F598172365A}.Debug|ARM64.Build.0 = Debug|Any CPU
		{2F224F03-72C6-43AB-8922-0F598172365A}.Debug|x64.ActiveCfg = Debug|Any CPU
		{2F224F03-72C6-43AB-8922-0F598172365A}.Debug|x64.Build.0 = Debug|Any CPU
		{2F224F03-72C6-43AB-8922-0F598172365A}.Debug|x86.ActiveCfg = Debug|Any CPU
		{2F224F03-72C6-43AB-8922-0F598172365A}.Debug|x86.Build.0 = Debug|Any CPU
		{2F224F03-72C6-43AB-8922-0F598172365A}.Release|Any CPU.ActiveCfg = Release|Any CPU
		{2F224F03-72C6-43AB-8922-0F598172365A}.Release|Any CPU.Build.0 = Release|Any CPU
		{2F224F03-72C6-43AB-8922-0F598172365A}.Release|ARM.ActiveCfg = Release|Any CPU
		{2F224F03-72C6-43AB-8922-0F598172365A}.Release|ARM.Build.0 = Release|Any CPU
		{2F224F03-72C6-43AB-8922-0F598172365A}.Release|ARM64.ActiveCfg = Release|Any CPU
		{2F224F03-72C6-43AB-8922-0F598172365A}.Release|ARM64.Build.0 = Release|Any CPU
		{2F224F03-72C6-43AB-8922-0F598172365A}.Release|x64.ActiveCfg = Release|Any CPU
		{2F224F03-72C6-43AB-8922-0F598172365A}.Release|x64.Build.0 = Release|Any CPU
		{2F224F03-72C6-43AB-8922-0F598172365A}.Release|x86.ActiveCfg = Release|Any CPU
		{2F224F03-72C6-43AB-8922-0F598172365A}.Release|x86.Build.0 = Release|Any CPU
	EndGlobalSection
	GlobalSection(SolutionProperties) = preSolution
		HideSolutionNode = FALSE
	EndGlobalSection
	GlobalSection(ExtensibilityGlobals) = postSolution
		SolutionGuid = {482525B1-6DFF-49AE-8C95-82BE90A66D1A}
	EndGlobalSection
EndGlobal
